
Microsoft Visual Studio Solution File, Format Version 12.00
# Visual Studio Version 16
VisualStudioVersion = 16.0.30309.148
MinimumVisualStudioVersion = 10.0.40219.1
Project("{FAE04EC0-301F-11D3-BF4B-00C04F79EFBC}") = "GymAPI", "GymAPI\GymAPI.csproj", "{5973DED0-1E48-4B31-869D-3E56E65AC785}"
EndProject
Global
	GlobalSection(SolutionConfigurationPlatforms) = preSolution
		Debug|Any CPU = Debug|Any CPU
		Release|Any CPU = Release|Any CPU
	EndGlobalSection
	GlobalSection(ProjectConfigurationPlatforms) = postSolution
		{5973DED0-1E48-4B31-869D-3E56E65AC785}.Debug|Any CPU.ActiveCfg = Debug|Any CPU
		{5973DED0-1E48-4B31-869D-3E56E65AC785}.Debug|Any CPU.Build.0 = Debug|Any CPU
		{5973DED0-1E48-4B31-869D-3E56E65AC785}.Release|Any CPU.ActiveCfg = Release|Any CPU
		{5973DED0-1E48-4B31-869D-3E56E65AC785}.Release|Any CPU.Build.0 = Release|Any CPU
	EndGlobalSection
	GlobalSection(SolutionProperties) = preSolution
		HideSolutionNode = FALSE
	EndGlobalSection
	GlobalSection(ExtensibilityGlobals) = postSolution
		SolutionGuid = {C8D23BB5-C0D5-4575-9062-1F65BE1AEAC8}
	EndGlobalSection
EndGlobal
